// !$*UTF8*$!
{
	archiveVersion = 1;
	classes = {
	};
	objectVersion = 55;
	objects = {

/* Begin PBXBuildFile section */
		CE07CF9828543F04007ECB26 /* AppDelegate.swift in Sources */ = {isa = PBXBuildFile; fileRef = CE07CF9728543F04007ECB26 /* AppDelegate.swift */; };
		CE07CF9A28543F04007ECB26 /* SceneDelegate.swift in Sources */ = {isa = PBXBuildFile; fileRef = CE07CF9928543F04007ECB26 /* SceneDelegate.swift */; };
		CE07CF9C28543F04007ECB26 /* ViewController.swift in Sources */ = {isa = PBXBuildFile; fileRef = CE07CF9B28543F04007ECB26 /* ViewController.swift */; };
		CE07CF9F28543F04007ECB26 /* Main.storyboard in Resources */ = {isa = PBXBuildFile; fileRef = CE07CF9D28543F04007ECB26 /* Main.storyboard */; };
		CE07CFA128543F04007ECB26 /* Assets.xcassets in Resources */ = {isa = PBXBuildFile; fileRef = CE07CFA028543F04007ECB26 /* Assets.xcassets */; };
		CE07CFA428543F04007ECB26 /* LaunchScreen.storyboard in Resources */ = {isa = PBXBuildFile; fileRef = CE07CFA228543F04007ECB26 /* LaunchScreen.storyboard */; };
		CE07CFAC28543F57007ECB26 /* Data.swift in Sources */ = {isa = PBXBuildFile; fileRef = CE07CFAB28543F57007ECB26 /* Data.swift */; };
		CE07CFAF285447C5007ECB26 /* Kingfisher in Frameworks */ = {isa = PBXBuildFile; productRef = CE07CFAE285447C5007ECB26 /* Kingfisher */; };
		CE07CFB228544B01007ECB26 /* TourismTableViewCell.swift in Sources */ = {isa = PBXBuildFile; fileRef = CE07CFB028544B00007ECB26 /* TourismTableViewCell.swift */; };
		CE07CFB328544B01007ECB26 /* TourismTableViewCell.xib in Resources */ = {isa = PBXBuildFile; fileRef = CE07CFB128544B00007ECB26 /* TourismTableViewCell.xib */; };
/* End PBXBuildFile section */

/* Begin PBXFileReference section */
		CE07CF9428543F04007ECB26 /* TourismApp.app */ = {isa = PBXFileReference; explicitFileType = wrapper.application; includeInIndex = 0; path = TourismApp.app; sourceTree = BUILT_PRODUCTS_DIR; };
		CE07CF9728543F04007ECB26 /* AppDelegate.swift */ = {isa = PBXFileReference; lastKnownFileType = sourcecode.swift; path = AppDelegate.swift; sourceTree = "<group>"; };
		CE07CF9928543F04007ECB26 /* SceneDelegate.swift */ = {isa = PBXFileReference; lastKnownFileType = sourcecode.swift; path = SceneDelegate.swift; sourceTree = "<group>"; };
		CE07CF9B28543F04007ECB26 /* ViewController.swift */ = {isa = PBXFileReference; lastKnownFileType = sourcecode.swift; path = ViewController.swift; sourceTree = "<group>"; };
		CE07CF9E28543F04007ECB26 /* Base */ = {isa = PBXFileReference; lastKnownFileType = file.storyboard; name = Base; path = Base.lproj/Main.storyboard; sourceTree = "<group>"; };
		CE07CFA028543F04007ECB26 /* Assets.xcassets */ = {isa = PBXFileReference; lastKnownFileType = folder.assetcatalog; path = Assets.xcassets; sourceTree = "<group>"; };
		CE07CFA328543F04007ECB26 /* Base */ = {isa = PBXFileReference; lastKnownFileType = file.storyboard; name = Base; path = Base.lproj/LaunchScreen.storyboard; sourceTree = "<group>"; };
		CE07CFA528543F04007ECB26 /* Info.plist */ = {isa = PBXFileReference; lastKnownFileType = text.plist.xml; path = Info.plist; sourceTree = "<group>"; };
		CE07CFAB28543F57007ECB26 /* Data.swift */ = {isa = PBXFileReference; lastKnownFileType = sourcecode.swift; path = Data.swift; sourceTree = "<group>"; };
		CE07CFB028544B00007ECB26 /* TourismTableViewCell.swift */ = {isa = PBXFileReference; lastKnownFileType = sourcecode.swift; path = TourismTableViewCell.swift; sourceTree = "<group>"; };
		CE07CFB128544B00007ECB26 /* TourismTableViewCell.xib */ = {isa = PBXFileReference; lastKnownFileType = file.xib; path = TourismTableViewCell.xib; sourceTree = "<group>"; };
/* End PBXFileReference section */

/* Begin PBXFrameworksBuildPhase section */
		CE07CF9128543F04007ECB26 /* Frameworks */ = {
			isa = PBXFrameworksBuildPhase;
			buildActionMask = 2147483647;
			files = (
				CE07CFAF285447C5007ECB26 /* Kingfisher in Frameworks */,
			);
			runOnlyForDeploymentPostprocessing = 0;
		};
/* End PBXFrameworksBuildPhase section */

/* Begin PBXGroup section */
		CE07CF8B28543F04007ECB26 = {
			isa = PBXGroup;
			children = (
				CE07CF9628543F04007ECB26 /* TourismApp */,
				CE07CF9528543F04007ECB26 /* Products */,
			);
			sourceTree = "<group>";
		};
		CE07CF9528543F04007ECB26 /* Products */ = {
			isa = PBXGroup;
			children = (
				CE07CF9428543F04007ECB26 /* TourismApp.app */,
			);
			name = Products;
			sourceTree = "<group>";
		};
		CE07CF9628543F04007ECB26 /* TourismApp */ = {
			isa = PBXGroup;
			children = (
				CE07CF9728543F04007ECB26 /* AppDelegate.swift */,
				CE07CF9928543F04007ECB26 /* SceneDelegate.swift */,
				CE07CF9B28543F04007ECB26 /* ViewController.swift */,
				CE07CF9D28543F04007ECB26 /* Main.storyboard */,
				CE07CFA028543F04007ECB26 /* Assets.xcassets */,
				CE07CFA228543F04007ECB26 /* LaunchScreen.storyboard */,
				CE07CFA528543F04007ECB26 /* Info.plist */,
				CE07CFAB28543F57007ECB26 /* Data.swift */,
				CE07CFB028544B00007ECB26 /* TourismTableViewCell.swift */,
				CE07CFB128544B00007ECB26 /* TourismTableViewCell.xib */,
			);
			path = TourismApp;
			sourceTree = "<group>";
		};
/* End PBXGroup section */

/* Begin PBXNativeTarget section */
		CE07CF9328543F04007ECB26 /* TourismApp */ = {
			isa = PBXNativeTarget;
			buildConfigurationList = CE07CFA828543F04007ECB26 /* Build configuration list for PBXNativeTarget "TourismApp" */;
			buildPhases = (
				CE07CF9028543F04007ECB26 /* Sources */,
				CE07CF9128543F04007ECB26 /* Frameworks */,
				CE07CF9228543F04007ECB26 /* Resources */,
			);
			buildRules = (
			);
			dependencies = (
			);
			name = TourismApp;
			packageProductDependencies = (
				CE07CFAE285447C5007ECB26 /* Kingfisher */,
			);
			productName = TourismApp;
			productReference = CE07CF9428543F04007ECB26 /* TourismApp.app */;
			productType = "com.apple.product-type.application";
		};
/* End PBXNativeTarget section */

/* Begin PBXProject section */
		CE07CF8C28543F04007ECB26 /* Project object */ = {
			isa = PBXProject;
			attributes = {
				BuildIndependentTargetsInParallel = 1;
				LastSwiftUpdateCheck = 1340;
				LastUpgradeCheck = 1340;
				TargetAttributes = {
					CE07CF9328543F04007ECB26 = {
						CreatedOnToolsVersion = 13.4.1;
					};
				};
			};
			buildConfigurationList = CE07CF8F28543F04007ECB26 /* Build configuration list for PBXProject "TourismApp" */;
			compatibilityVersion = "Xcode 13.0";
			developmentRegion = en;
			hasScannedForEncodings = 0;
			knownRegions = (
				en,
				Base,
			);
			mainGroup = CE07CF8B28543F04007ECB26;
			packageReferences = (
				CE07CFAD285447C5007ECB26 /* XCRemoteSwiftPackageReference "Kingfisher" */,
			);
			productRefGroup = CE07CF9528543F04007ECB26 /* Products */;
			projectDirPath = "";
			projectRoot = "";
			targets = (
				CE07CF9328543F04007ECB26 /* TourismApp */,
			);
		};
/* End PBXProject section */

/* Begin PBXResourcesBuildPhase section */
		CE07CF9228543F04007ECB26 /* Resources */ = {
			isa = PBXResourcesBuildPhase;
			buildActionMask = 2147483647;
			files = (
				CE07CFA428543F04007ECB26 /* LaunchScreen.storyboard in Resources */,
				CE07CFA128543F04007ECB26 /* Assets.xcassets in Resources */,
				CE07CF9F28543F04007ECB26 /* Main.storyboard in Resources */,
				CE07CFB328544B01007ECB26 /* TourismTableViewCell.xib in Resources */,
			);
			runOnlyForDeploymentPostprocessing = 0;
		};
/* End PBXResourcesBuildPhase section */

/* Begin PBXSourcesBuildPhase section */
		CE07CF9028543F04007ECB26 /* Sources */ = {
			isa = PBXSourcesBuildPhase;
			buildActionMask = 2147483647;
			files = (
				CE07CF9C28543F04007ECB26 /* ViewController.swift in Sources */,
				CE07CFB228544B01007ECB26 /* TourismTableViewCell.swift in Sources */,
				CE07CF9828543F04007ECB26 /* AppDelegate.swift in Sources */,
				CE07CF9A28543F04007ECB26 /* SceneDelegate.swift in Sources */,
				CE07CFAC28543F57007ECB26 /* Data.swift in Sources */,
			);
			runOnlyForDeploymentPostprocessing = 0;
		};
/* End PBXSourcesBuildPhase section */

/* Begin PBXVariantGroup section */
		CE07CF9D28543F04007ECB26 /* Main.storyboard */ = {
			isa = PBXVariantGroup;
			children = (
				CE07CF9E28543F04007ECB26 /* Base */,
			);
			name = Main.storyboard;
			sourceTree = "<group>";
		};
		CE07CFA228543F04007ECB26 /* LaunchScreen.storyboard */ = {
			isa = PBXVariantGroup;
			children = (
				CE07CFA328543F04007ECB26 /* Base */,
			);
			name = LaunchScreen.storyboard;
			sourceTree = "<group>";
		};
/* End PBXVariantGroup section */

/* Begin XCBuildConfiguration section */
		CE07CFA628543F04007ECB26 /* Debug */ = {
			isa = XCBuildConfiguration;
			buildSettings = {
				ALWAYS_SEARCH_USER_PATHS = NO;
				CLANG_ANALYZER_NONNULL = YES;
				CLANG_ANALYZER_NUMBER_OBJECT_CONVERSION = YES_AGGRESSIVE;
				CLANG_CXX_LANGUAGE_STANDARD = "gnu++17";
				CLANG_ENABLE_MODULES = YES;
				CLANG_ENABLE_OBJC_ARC = YES;
				CLANG_ENABLE_OBJC_WEAK = YES;
				CLANG_WARN_BLOCK_CAPTURE_AUTORELEASING = YES;
				CLANG_WARN_BOOL_CONVERSION = YES;
				CLANG_WARN_COMMA = YES;
				CLANG_WARN_CONSTANT_CONVERSION = YES;
				CLANG_WARN_DEPRECATED_OBJC_IMPLEMENTATIONS = YES;
				CLANG_WARN_DIRECT_OBJC_ISA_USAGE = YES_ERROR;
				CLANG_WARN_DOCUMENTATION_COMMENTS = YES;
				CLANG_WARN_EMPTY_BODY = YES;
				CLANG_WARN_ENUM_CONVERSION = YES;
				CLANG_WARN_INFINITE_RECURSION = YES;
				CLANG_WARN_INT_CONVERSION = YES;
				CLANG_WARN_NON_LITERAL_NULL_CONVERSION = YES;
				CLANG_WARN_OBJC_IMPLICIT_RETAIN_SELF = YES;
				CLANG_WARN_OBJC_LITERAL_CONVERSION = YES;
				CLANG_WARN_OBJC_ROOT_CLASS = YES_ERROR;
				CLANG_WARN_QUOTED_INCLUDE_IN_FRAMEWORK_HEADER = YES;
				CLANG_WARN_RANGE_LOOP_ANALYSIS = YES;
				CLANG_WARN_STRICT_PROTOTYPES = YES;
				CLANG_WARN_SUSPICIOUS_MOVE = YES;
				CLANG_WARN_UNGUARDED_AVAILABILITY = YES_AGGRESSIVE;
				CLANG_WARN_UNREACHABLE_CODE = YES;
				CLANG_WARN__DUPLICATE_METHOD_MATCH = YES;
				COPY_PHASE_STRIP = NO;
				DEBUG_INFORMATION_FORMAT = dwarf;
				ENABLE_STRICT_OBJC_MSGSEND = YES;
				ENABLE_TESTABILITY = YES;
				GCC_C_LANGUAGE_STANDARD = gnu11;
				GCC_DYNAMIC_NO_PIC = NO;
				GCC_NO_COMMON_BLOCKS = YES;
				GCC_OPTIMIZATION_LEVEL = 0;
				GCC_PREPROCESSOR_DEFINITIONS = (
					"DEBUG=1",
					"$(inherited)",
				);
				GCC_WARN_64_TO_32_BIT_CONVERSION = YES;
				GCC_WARN_ABOUT_RETURN_TYPE = YES_ERROR;
				GCC_WARN_UNDECLARED_SELECTOR = YES;
				GCC_WARN_UNINITIALIZED_AUTOS = YES_AGGRESSIVE;
				GCC_WARN_UNUSED_FUNCTION = YES;
				GCC_WARN_UNUSED_VARIABLE = YES;
				IPHONEOS_DEPLOYMENT_TARGET = 15.5;
				MTL_ENABLE_DEBUG_INFO = INCLUDE_SOURCE;
				MTL_FAST_MATH = YES;
				ONLY_ACTIVE_ARCH = YES;
				SDKROOT = iphoneos;
				SWIFT_ACTIVE_COMPILATION_CONDITIONS = DEBUG;
				SWIFT_OPTIMIZATION_LEVEL = "-Onone";
			};
			name = Debug;
		};
		CE07CFA728543F04007ECB26 /* Release */ = {
			isa = XCBuildConfiguration;
			buildSettings = {
				ALWAYS_SEARCH_USER_PATHS = NO;
				CLANG_ANALYZER_NONNULL = YES;
				CLANG_ANALYZER_NUMBER_OBJECT_CONVERSION = YES_AGGRESSIVE;
				CLANG_CXX_LANGUAGE_STANDARD = "gnu++17";
				CLANG_ENABLE_MODULES = YES;
				CLANG_ENABLE_OBJC_ARC = YES;
				CLANG_ENABLE_OBJC_WEAK = YES;
				CLANG_WARN_BLOCK_CAPTURE_AUTORELEASING = YES;
				CLANG_WARN_BOOL_CONVERSION = YES;
				CLANG_WARN_COMMA = YES;
				CLANG_WARN_CONSTANT_CONVERSION = YES;
				CLANG_WARN_DEPRECATED_OBJC_IMPLEMENTATIONS = YES;
				CLANG_WARN_DIRECT_OBJC_ISA_USAGE = YES_ERROR;
				CLANG_WARN_DOCUMENTATION_COMMENTS = YES;
				CLANG_WARN_EMPTY_BODY = YES;
				CLANG_WARN_ENUM_CONVERSION = YES;
				CLANG_WARN_INFINITE_RECURSION = YES;
				CLANG_WARN_INT_CONVERSION = YES;
				CLANG_WARN_NON_LITERAL_NULL_CONVERSION = YES;
				CLANG_WARN_OBJC_IMPLICIT_RETAIN_SELF = YES;
				CLANG_WARN_OBJC_LITERAL_CONVERSION = YES;
				CLANG_WARN_OBJC_ROOT_CLASS = YES_ERROR;
				CLANG_WARN_QUOTED_INCLUDE_IN_FRAMEWORK_HEADER = YES;
				CLANG_WARN_RANGE_LOOP_ANALYSIS = YES;
				CLANG_WARN_STRICT_PROTOTYPES = YES;
				CLANG_WARN_SUSPICIOUS_MOVE = YES;
				CLANG_WARN_UNGUARDED_AVAILABILITY = YES_AGGRESSIVE;
				CLANG_WARN_UNREACHABLE_CODE = YES;
				CLANG_WARN__DUPLICATE_METHOD_MATCH = YES;
				COPY_PHASE_STRIP = NO;
				DEBUG_INFORMATION_FORMAT = "dwarf-with-dsym";
				ENABLE_NS_ASSERTIONS = NO;
				ENABLE_STRICT_OBJC_MSGSEND = YES;
				GCC_C_LANGUAGE_STANDARD = gnu11;
				GCC_NO_COMMON_BLOCKS = YES;
				GCC_WARN_64_TO_32_BIT_CONVERSION = YES;
				GCC_WARN_ABOUT_RETURN_TYPE = YES_ERROR;
				GCC_WARN_UNDECLARED_SELECTOR = YES;
				GCC_WARN_UNINITIALIZED_AUTOS = YES_AGGRESSIVE;
				GCC_WARN_UNUSED_FUNCTION = YES;
				GCC_WARN_UNUSED_VARIABLE = YES;
				IPHONEOS_DEPLOYMENT_TARGET = 15.5;
				MTL_ENABLE_DEBUG_INFO = NO;
				MTL_FAST_MATH = YES;
				SDKROOT = iphoneos;
				SWIFT_COMPILATION_MODE = wholemodule;
				SWIFT_OPTIMIZATION_LEVEL = "-O";
				VALIDATE_PRODUCT = YES;
			};
			name = Release;
		};
		CE07CFA928543F04007ECB26 /* Debug */ = {
			isa = XCBuildConfiguration;
			buildSettings = {
				ASSETCATALOG_COMPILER_APPICON_NAME = AppIcon;
				ASSETCATALOG_COMPILER_GLOBAL_ACCENT_COLOR_NAME = AccentColor;
				CODE_SIGN_STYLE = Automatic;
				CURRENT_PROJECT_VERSION = 1;
				GENERATE_INFOPLIST_FILE = YES;
				INFOPLIST_FILE = TourismApp/Info.plist;
				INFOPLIST_KEY_UIApplicationSupportsIndirectInputEvents = YES;
				INFOPLIST_KEY_UILaunchStoryboardName = LaunchScreen;
				INFOPLIST_KEY_UIMainStoryboardFile = Main;
				INFOPLIST_KEY_UISupportedInterfaceOrientations_iPad = "UIInterfaceOrientationPortrait UIInterfaceOrientationPortraitUpsideDown UIInterfaceOrientationLandscapeLeft UIInterfaceOrientationLandscapeRight";
				INFOPLIST_KEY_UISupportedInterfaceOrientations_iPhone = "UIInterfaceOrientationPortrait UIInterfaceOrientationLandscapeLeft UIInterfaceOrientationLandscapeRight";
				LD_RUNPATH_SEARCH_PATHS = (
					"$(inherited)",
					"@executable_path/Frameworks",
				);
				MARKETING_VERSION = 1.0;
				PRODUCT_BUNDLE_IDENTIFIER = aldidwiki.TourismApp;
				PRODUCT_NAME = "$(TARGET_NAME)";
				SWIFT_EMIT_LOC_STRINGS = YES;
				SWIFT_VERSION = 5.0;
				TARGETED_DEVICE_FAMILY = "1,2";
			};
			name = Debug;
		};
		CE07CFAA28543F04007ECB26 /* Release */ = {
			isa = XCBuildConfiguration;
			buildSettings = {
				ASSETCATALOG_COMPILER_APPICON_NAME = AppIcon;
				ASSETCATALOG_COMPILER_GLOBAL_ACCENT_COLOR_NAME = AccentColor;
				CODE_SIGN_STYLE = Automatic;
				CURRENT_PROJECT_VERSION = 1;
				GENERATE_INFOPLIST_FILE = YES;
				INFOPLIST_FILE = TourismApp/Info.plist;
				INFOPLIST_KEY_UIApplicationSupportsIndirectInputEvents = YES;
				INFOPLIST_KEY_UILaunchStoryboardName = LaunchScreen;
				INFOPLIST_KEY_UIMainStoryboardFile = Main;
				INFOPLIST_KEY_UISupportedInterfaceOrientations_iPad = "UIInterfaceOrientationPortrait UIInterfaceOrientationPortraitUpsideDown UIInterfaceOrientationLandscapeLeft UIInterfaceOrientationLandscapeRight";
				INFOPLIST_KEY_UISupportedInterfaceOrientations_iPhone = "UIInterfaceOrientationPortrait UIInterfaceOrientationLandscapeLeft UIInterfaceOrientationLandscapeRight";
				LD_RUNPATH_SEARCH_PATHS = (
					"$(inherited)",
					"@executable_path/Frameworks",
				);
				MARKETING_VERSION = 1.0;
				PRODUCT_BUNDLE_IDENTIFIER = aldidwiki.TourismApp;
				PRODUCT_NAME = "$(TARGET_NAME)";
				SWIFT_EMIT_LOC_STRINGS = YES;
				SWIFT_VERSION = 5.0;
				TARGETED_DEVICE_FAMILY = "1,2";
			};
			name = Release;
		};
/* End XCBuildConfiguration section */

/* Begin XCConfigurationList section */
		CE07CF8F28543F04007ECB26 /* Build configuration list for PBXProject "TourismApp" */ = {
			isa = XCConfigurationList;
			buildConfigurations = (
				CE07CFA628543F04007ECB26 /* Debug */,
				CE07CFA728543F04007ECB26 /* Release */,
			);
			defaultConfigurationIsVisible = 0;
			defaultConfigurationName = Release;
		};
		CE07CFA828543F04007ECB26 /* Build configuration list for PBXNativeTarget "TourismApp" */ = {
			isa = XCConfigurationList;
			buildConfigurations = (
				CE07CFA928543F04007ECB26 /* Debug */,
				CE07CFAA28543F04007ECB26 /* Release */,
			);
			defaultConfigurationIsVisible = 0;
			defaultConfigurationName = Release;
		};
/* End XCConfigurationList section */

/* Begin XCRemoteSwiftPackageReference section */
		CE07CFAD285447C5007ECB26 /* XCRemoteSwiftPackageReference "Kingfisher" */ = {
			isa = XCRemoteSwiftPackageReference;
			repositoryURL = "https://github.com/onevcat/Kingfisher.git";
			requirement = {
				kind = upToNextMajorVersion;
				minimumVersion = 7.0.0;
			};
		};
/* End XCRemoteSwiftPackageReference section */

/* Begin XCSwiftPackageProductDependency section */
		CE07CFAE285447C5007ECB26 /* Kingfisher */ = {
			isa = XCSwiftPackageProductDependency;
			package = CE07CFAD285447C5007ECB26 /* XCRemoteSwiftPackageReference "Kingfisher" */;
			productName = Kingfisher;
		};
/* End XCSwiftPackageProductDependency section */
	};
	rootObject = CE07CF8C28543F04007ECB26 /* Project object */;
}
